
Microsoft Visual Studio Solution File, Format Version 12.00
# Visual Studio 14
VisualStudioVersion = 14.0.25420.1
MinimumVisualStudioVersion = 10.0.40219.1
Project("{FAE04EC0-301F-11D3-BF4B-00C04F79EFBC}") = "NetNative", "NetNative\NetNative.csproj", "{7D858D27-E615-4706-BA04-E649EFEF0474}"
EndProject
Project("{FAE04EC0-301F-11D3-BF4B-00C04F79EFBC}") = "TestNetNative", "TestNetNative\TestNetNative.csproj", "{E3F0FFD3-7327-4277-ABC5-CA978A4F8591}"
EndProject
Global
	GlobalSection(SolutionConfigurationPlatforms) = preSolution
		Debug|Any CPU = Debug|Any CPU
		Release|Any CPU = Release|Any CPU
	EndGlobalSection
	GlobalSection(ProjectConfigurationPlatforms) = postSolution
		{7D858D27-E615-4706-BA04-E649EFEF0474}.Debug|Any CPU.ActiveCfg = Debug|Any CPU
		{7D858D27-E615-4706-BA04-E649EFEF0474}.Debug|Any CPU.Build.0 = Debug|Any CPU
		{7D858D27-E615-4706-BA04-E649EFEF0474}.Release|Any CPU.ActiveCfg = Release|Any CPU
		{7D858D27-E615-4706-BA04-E649EFEF0474}.Release|Any CPU.Build.0 = Release|Any CPU
		{E3F0FFD3-7327-4277-ABC5-CA978A4F8591}.Debug|Any CPU.ActiveCfg = Debug|Any CPU
		{E3F0FFD3-7327-4277-ABC5-CA978A4F8591}.Debug|Any CPU.Build.0 = Debug|Any CPU
		{E3F0FFD3-7327-4277-ABC5-CA978A4F8591}.Release|Any CPU.ActiveCfg = Release|Any CPU
		{E3F0FFD3-7327-4277-ABC5-CA978A4F8591}.Release|Any CPU.Build.0 = Release|Any CPU
	EndGlobalSection
	GlobalSection(SolutionProperties) = preSolution
		HideSolutionNode = FALSE
	EndGlobalSection
EndGlobal
